// !$*UTF8*$!
{
	archiveVersion = 1;
	classes = {
	};
	objectVersion = 46;
	objects = {

/* Begin PBXBuildFile section */
		182DEAA219B92889008C3D5F /* AppDelegate.swift in Sources */ = {isa = PBXBuildFile; fileRef = 182DEAA119B92889008C3D5F /* AppDelegate.swift */; };
		182DEAA419B92889008C3D5F /* ViewController.swift in Sources */ = {isa = PBXBuildFile; fileRef = 182DEAA319B92889008C3D5F /* ViewController.swift */; };
		182DEAB519B92889008C3D5F /* facebook_week1Tests.swift in Sources */ = {isa = PBXBuildFile; fileRef = 182DEAB419B92889008C3D5F /* facebook_week1Tests.swift */; };
		182DEABF19B929F8008C3D5F /* Images.xcassets in Resources */ = {isa = PBXBuildFile; fileRef = 182DEABE19B929F8008C3D5F /* Images.xcassets */; };
		182DEAC519B9375C008C3D5F /* MessagesViewController.swift in Sources */ = {isa = PBXBuildFile; fileRef = 182DEAC419B9375C008C3D5F /* MessagesViewController.swift */; };
		182DEAC819B937A7008C3D5F /* HomeFeedViewController.swift in Sources */ = {isa = PBXBuildFile; fileRef = 182DEAC719B937A7008C3D5F /* HomeFeedViewController.swift */; };
		182DEACA19B937B9008C3D5F /* RequestsViewController.swift in Sources */ = {isa = PBXBuildFile; fileRef = 182DEAC919B937B9008C3D5F /* RequestsViewController.swift */; };
		182DEACC19B937CA008C3D5F /* NotificationsViewController.swift in Sources */ = {isa = PBXBuildFile; fileRef = 182DEACB19B937CA008C3D5F /* NotificationsViewController.swift */; };
		182DEACE19B937E4008C3D5F /* MoreViewController.swift in Sources */ = {isa = PBXBuildFile; fileRef = 182DEACD19B937E4008C3D5F /* MoreViewController.swift */; };
		182DEAD019BA6312008C3D5F /* ThrillDetailViewController.swift in Sources */ = {isa = PBXBuildFile; fileRef = 182DEACF19BA6312008C3D5F /* ThrillDetailViewController.swift */; };
		182DEAD219BA6B88008C3D5F /* Main.storyboard in Resources */ = {isa = PBXBuildFile; fileRef = 182DEAD119BA6B88008C3D5F /* Main.storyboard */; };
		182DEAD419BAC430008C3D5F /* UpdateStatusViewController.swift in Sources */ = {isa = PBXBuildFile; fileRef = 182DEAD319BAC430008C3D5F /* UpdateStatusViewController.swift */; };
		182DEAD619BBD744008C3D5F /* CheckinViewController.swift in Sources */ = {isa = PBXBuildFile; fileRef = 182DEAD519BBD744008C3D5F /* CheckinViewController.swift */; };
		182DEAD819BBD84E008C3D5F /* CheckIn2ViewController.swift in Sources */ = {isa = PBXBuildFile; fileRef = 182DEAD719BBD84E008C3D5F /* CheckIn2ViewController.swift */; };
/* End PBXBuildFile section */

/* Begin PBXContainerItemProxy section */
		182DEAAF19B92889008C3D5F /* PBXContainerItemProxy */ = {
			isa = PBXContainerItemProxy;
			containerPortal = 182DEA9419B92889008C3D5F /* Project object */;
			proxyType = 1;
			remoteGlobalIDString = 182DEA9B19B92889008C3D5F;
			remoteInfo = "facebook-week1";
		};
/* End PBXContainerItemProxy section */

/* Begin PBXFileReference section */
		182DEA9C19B92889008C3D5F /* facebook-week1.app */ = {isa = PBXFileReference; explicitFileType = wrapper.application; includeInIndex = 0; path = "facebook-week1.app"; sourceTree = BUILT_PRODUCTS_DIR; };
		182DEAA019B92889008C3D5F /* Info.plist */ = {isa = PBXFileReference; lastKnownFileType = text.plist.xml; path = Info.plist; sourceTree = "<group>"; };
		182DEAA119B92889008C3D5F /* AppDelegate.swift */ = {isa = PBXFileReference; lastKnownFileType = sourcecode.swift; path = AppDelegate.swift; sourceTree = "<group>"; };
		182DEAA319B92889008C3D5F /* ViewController.swift */ = {isa = PBXFileReference; lastKnownFileType = sourcecode.swift; path = ViewController.swift; sourceTree = "<group>"; };
		182DEAAE19B92889008C3D5F /* facebook-week1Tests.xctest */ = {isa = PBXFileReference; explicitFileType = wrapper.cfbundle; includeInIndex = 0; path = "facebook-week1Tests.xctest"; sourceTree = BUILT_PRODUCTS_DIR; };
		182DEAB319B92889008C3D5F /* Info.plist */ = {isa = PBXFileReference; lastKnownFileType = text.plist.xml; path = Info.plist; sourceTree = "<group>"; };
		182DEAB419B92889008C3D5F /* facebook_week1Tests.swift */ = {isa = PBXFileReference; lastKnownFileType = sourcecode.swift; path = facebook_week1Tests.swift; sourceTree = "<group>"; };
		182DEABE19B929F8008C3D5F /* Images.xcassets */ = {isa = PBXFileReference; lastKnownFileType = folder.assetcatalog; path = Images.xcassets; sourceTree = "<group>"; };
		182DEAC419B9375C008C3D5F /* MessagesViewController.swift */ = {isa = PBXFileReference; fileEncoding = 4; lastKnownFileType = sourcecode.swift; name = MessagesViewController.swift; path = ../MessagesViewController.swift; sourceTree = "<group>"; };
		182DEAC719B937A7008C3D5F /* HomeFeedViewController.swift */ = {isa = PBXFileReference; fileEncoding = 4; lastKnownFileType = sourcecode.swift; path = HomeFeedViewController.swift; sourceTree = "<group>"; };
		182DEAC919B937B9008C3D5F /* RequestsViewController.swift */ = {isa = PBXFileReference; fileEncoding = 4; lastKnownFileType = sourcecode.swift; path = RequestsViewController.swift; sourceTree = "<group>"; };
		182DEACB19B937CA008C3D5F /* NotificationsViewController.swift */ = {isa = PBXFileReference; fileEncoding = 4; lastKnownFileType = sourcecode.swift; path = NotificationsViewController.swift; sourceTree = "<group>"; };
		182DEACD19B937E4008C3D5F /* MoreViewController.swift */ = {isa = PBXFileReference; fileEncoding = 4; lastKnownFileType = sourcecode.swift; path = MoreViewController.swift; sourceTree = "<group>"; };
		182DEACF19BA6312008C3D5F /* ThrillDetailViewController.swift */ = {isa = PBXFileReference; fileEncoding = 4; lastKnownFileType = sourcecode.swift; path = ThrillDetailViewController.swift; sourceTree = "<group>"; };
		182DEAD119BA6B88008C3D5F /* Main.storyboard */ = {isa = PBXFileReference; fileEncoding = 4; lastKnownFileType = file.storyboard; path = Main.storyboard; sourceTree = "<group>"; };
		182DEAD319BAC430008C3D5F /* UpdateStatusViewController.swift */ = {isa = PBXFileReference; fileEncoding = 4; lastKnownFileType = sourcecode.swift; path = UpdateStatusViewController.swift; sourceTree = "<group>"; };
		182DEAD519BBD744008C3D5F /* CheckinViewController.swift */ = {isa = PBXFileReference; fileEncoding = 4; lastKnownFileType = sourcecode.swift; path = CheckinViewController.swift; sourceTree = "<group>"; };
		182DEAD719BBD84E008C3D5F /* CheckIn2ViewController.swift */ = {isa = PBXFileReference; fileEncoding = 4; lastKnownFileType = sourcecode.swift; path = CheckIn2ViewController.swift; sourceTree = "<group>"; };
/* End PBXFileReference section */

/* Begin PBXFrameworksBuildPhase section */
		182DEA9919B92889008C3D5F /* Frameworks */ = {
			isa = PBXFrameworksBuildPhase;
			buildActionMask = 2147483647;
			files = (
			);
			runOnlyForDeploymentPostprocessing = 0;
		};
		182DEAAB19B92889008C3D5F /* Frameworks */ = {
			isa = PBXFrameworksBuildPhase;
			buildActionMask = 2147483647;
			files = (
			);
			runOnlyForDeploymentPostprocessing = 0;
		};
/* End PBXFrameworksBuildPhase section */

/* Begin PBXGroup section */
		182DEA9319B92889008C3D5F = {
			isa = PBXGroup;
			children = (
				182DEA9E19B92889008C3D5F /* facebook-week1 */,
				182DEAB119B92889008C3D5F /* facebook-week1Tests */,
				182DEA9D19B92889008C3D5F /* Products */,
			);
			sourceTree = "<group>";
		};
		182DEA9D19B92889008C3D5F /* Products */ = {
			isa = PBXGroup;
			children = (
				182DEA9C19B92889008C3D5F /* facebook-week1.app */,
				182DEAAE19B92889008C3D5F /* facebook-week1Tests.xctest */,
			);
			name = Products;
			sourceTree = "<group>";
		};
		182DEA9E19B92889008C3D5F /* facebook-week1 */ = {
			isa = PBXGroup;
			children = (
				182DEAC619B93765008C3D5F /* ViewControllers */,
				182DEABE19B929F8008C3D5F /* Images.xcassets */,
				182DEAA119B92889008C3D5F /* AppDelegate.swift */,
				182DEAA319B92889008C3D5F /* ViewController.swift */,
				182DEAD119BA6B88008C3D5F /* Main.storyboard */,
				182DEA9F19B92889008C3D5F /* Supporting Files */,
			);
			path = "facebook-week1";
			sourceTree = "<group>";
		};
		182DEA9F19B92889008C3D5F /* Supporting Files */ = {
			isa = PBXGroup;
			children = (
				182DEAA019B92889008C3D5F /* Info.plist */,
			);
			name = "Supporting Files";
			sourceTree = "<group>";
		};
		182DEAB119B92889008C3D5F /* facebook-week1Tests */ = {
			isa = PBXGroup;
			children = (
				182DEAB419B92889008C3D5F /* facebook_week1Tests.swift */,
				182DEAB219B92889008C3D5F /* Supporting Files */,
			);
			path = "facebook-week1Tests";
			sourceTree = "<group>";
		};
		182DEAB219B92889008C3D5F /* Supporting Files */ = {
			isa = PBXGroup;
			children = (
				182DEAB319B92889008C3D5F /* Info.plist */,
			);
			name = "Supporting Files";
			sourceTree = "<group>";
		};
		182DEAC619B93765008C3D5F /* ViewControllers */ = {
			isa = PBXGroup;
			children = (
				182DEAC419B9375C008C3D5F /* MessagesViewController.swift */,
				182DEACD19B937E4008C3D5F /* MoreViewController.swift */,
				182DEAC719B937A7008C3D5F /* HomeFeedViewController.swift */,
				182DEAC919B937B9008C3D5F /* RequestsViewController.swift */,
				182DEACB19B937CA008C3D5F /* NotificationsViewController.swift */,
				182DEACF19BA6312008C3D5F /* ThrillDetailViewController.swift */,
				182DEAD319BAC430008C3D5F /* UpdateStatusViewController.swift */,
				182DEAD519BBD744008C3D5F /* CheckinViewController.swift */,
				182DEAD719BBD84E008C3D5F /* CheckIn2ViewController.swift */,
			);
			name = ViewControllers;
			sourceTree = "<group>";
		};
/* End PBXGroup section */

/* Begin PBXNativeTarget section */
		182DEA9B19B92889008C3D5F /* facebook-week1 */ = {
			isa = PBXNativeTarget;
			buildConfigurationList = 182DEAB819B92889008C3D5F /* Build configuration list for PBXNativeTarget "facebook-week1" */;
			buildPhases = (
				182DEA9819B92889008C3D5F /* Sources */,
				182DEA9919B92889008C3D5F /* Frameworks */,
				182DEA9A19B92889008C3D5F /* Resources */,
			);
			buildRules = (
			);
			dependencies = (
			);
			name = "facebook-week1";
			productName = "facebook-week1";
			productReference = 182DEA9C19B92889008C3D5F /* facebook-week1.app */;
			productType = "com.apple.product-type.application";
		};
		182DEAAD19B92889008C3D5F /* facebook-week1Tests */ = {
			isa = PBXNativeTarget;
			buildConfigurationList = 182DEABB19B92889008C3D5F /* Build configuration list for PBXNativeTarget "facebook-week1Tests" */;
			buildPhases = (
				182DEAAA19B92889008C3D5F /* Sources */,
				182DEAAB19B92889008C3D5F /* Frameworks */,
				182DEAAC19B92889008C3D5F /* Resources */,
			);
			buildRules = (
			);
			dependencies = (
				182DEAB019B92889008C3D5F /* PBXTargetDependency */,
			);
			name = "facebook-week1Tests";
			productName = "facebook-week1Tests";
			productReference = 182DEAAE19B92889008C3D5F /* facebook-week1Tests.xctest */;
			productType = "com.apple.product-type.bundle.unit-test";
		};
/* End PBXNativeTarget section */

/* Begin PBXProject section */
		182DEA9419B92889008C3D5F /* Project object */ = {
			isa = PBXProject;
			attributes = {
				LastUpgradeCheck = 0600;
				ORGANIZATIONNAME = Yahoo;
				TargetAttributes = {
					182DEA9B19B92889008C3D5F = {
						CreatedOnToolsVersion = 6.0;
					};
					182DEAAD19B92889008C3D5F = {
						CreatedOnToolsVersion = 6.0;
						TestTargetID = 182DEA9B19B92889008C3D5F;
					};
				};
			};
			buildConfigurationList = 182DEA9719B92889008C3D5F /* Build configuration list for PBXProject "facebook-week1" */;
			compatibilityVersion = "Xcode 3.2";
			developmentRegion = English;
			hasScannedForEncodings = 0;
			knownRegions = (
				en,
				Base,
			);
			mainGroup = 182DEA9319B92889008C3D5F;
			productRefGroup = 182DEA9D19B92889008C3D5F /* Products */;
			projectDirPath = "";
			projectRoot = "";
			targets = (
				182DEA9B19B92889008C3D5F /* facebook-week1 */,
				182DEAAD19B92889008C3D5F /* facebook-week1Tests */,
			);
		};
/* End PBXProject section */

/* Begin PBXResourcesBuildPhase section */
		182DEA9A19B92889008C3D5F /* Resources */ = {
			isa = PBXResourcesBuildPhase;
			buildActionMask = 2147483647;
			files = (
				182DEABF19B929F8008C3D5F /* Images.xcassets in Resources */,
				182DEAD219BA6B88008C3D5F /* Main.storyboard in Resources */,
			);
			runOnlyForDeploymentPostprocessing = 0;
		};
		182DEAAC19B92889008C3D5F /* Resources */ = {
			isa = PBXResourcesBuildPhase;
			buildActionMask = 2147483647;
			files = (
			);
			runOnlyForDeploymentPostprocessing = 0;
		};
/* End PBXResourcesBuildPhase section */

/* Begin PBXSourcesBuildPhase section */
		182DEA9819B92889008C3D5F /* Sources */ = {
			isa = PBXSourcesBuildPhase;
			buildActionMask = 2147483647;
			files = (
				182DEAD019BA6312008C3D5F /* ThrillDetailViewController.swift in Sources */,
				182DEACE19B937E4008C3D5F /* MoreViewController.swift in Sources */,
				182DEACA19B937B9008C3D5F /* RequestsViewController.swift in Sources */,
				182DEAC519B9375C008C3D5F /* MessagesViewController.swift in Sources */,
				182DEAA419B92889008C3D5F /* ViewController.swift in Sources */,
				182DEAD419BAC430008C3D5F /* UpdateStatusViewController.swift in Sources */,
				182DEACC19B937CA008C3D5F /* NotificationsViewController.swift in Sources */,
				182DEAA219B92889008C3D5F /* AppDelegate.swift in Sources */,
				182DEAD619BBD744008C3D5F /* CheckinViewController.swift in Sources */,
				182DEAC819B937A7008C3D5F /* HomeFeedViewController.swift in Sources */,
				182DEAD819BBD84E008C3D5F /* CheckIn2ViewController.swift in Sources */,
			);
			runOnlyForDeploymentPostprocessing = 0;
		};
		182DEAAA19B92889008C3D5F /* Sources */ = {
			isa = PBXSourcesBuildPhase;
			buildActionMask = 2147483647;
			files = (
				182DEAB519B92889008C3D5F /* facebook_week1Tests.swift in Sources */,
			);
			runOnlyForDeploymentPostprocessing = 0;
		};
/* End PBXSourcesBuildPhase section */

/* Begin PBXTargetDependency section */
		182DEAB019B92889008C3D5F /* PBXTargetDependency */ = {
			isa = PBXTargetDependency;
			target = 182DEA9B19B92889008C3D5F /* facebook-week1 */;
			targetProxy = 182DEAAF19B92889008C3D5F /* PBXContainerItemProxy */;
		};
/* End PBXTargetDependency section */

/* Begin XCBuildConfiguration section */
		182DEAB619B92889008C3D5F /* Debug */ = {
			isa = XCBuildConfiguration;
			buildSettings = {
				ALWAYS_SEARCH_USER_PATHS = NO;
				CLANG_CXX_LANGUAGE_STANDARD = "gnu++0x";
				CLANG_CXX_LIBRARY = "libc++";
				CLANG_ENABLE_MODULES = YES;
				CLANG_ENABLE_OBJC_ARC = YES;
				CLANG_WARN_BOOL_CONVERSION = YES;
				CLANG_WARN_CONSTANT_CONVERSION = YES;
				CLANG_WARN_DIRECT_OBJC_ISA_USAGE = YES_ERROR;
				CLANG_WARN_EMPTY_BODY = YES;
				CLANG_WARN_ENUM_CONVERSION = YES;
				CLANG_WARN_INT_CONVERSION = YES;
				CLANG_WARN_OBJC_ROOT_CLASS = YES_ERROR;
				CLANG_WARN_UNREACHABLE_CODE = YES;
				CLANG_WARN__DUPLICATE_METHOD_MATCH = YES;
				"CODE_SIGN_IDENTITY[sdk=iphoneos*]" = "iPhone Developer";
				COPY_PHASE_STRIP = NO;
				ENABLE_STRICT_OBJC_MSGSEND = YES;
				GCC_C_LANGUAGE_STANDARD = gnu99;
				GCC_DYNAMIC_NO_PIC = NO;
				GCC_OPTIMIZATION_LEVEL = 0;
				GCC_PREPROCESSOR_DEFINITIONS = (
					"DEBUG=1",
					"$(inherited)",
				);
				GCC_SYMBOLS_PRIVATE_EXTERN = NO;
				GCC_WARN_64_TO_32_BIT_CONVERSION = YES;
				GCC_WARN_ABOUT_RETURN_TYPE = YES_ERROR;
				GCC_WARN_UNDECLARED_SELECTOR = YES;
				GCC_WARN_UNINITIALIZED_AUTOS = YES_AGGRESSIVE;
				GCC_WARN_UNUSED_FUNCTION = YES;
				GCC_WARN_UNUSED_VARIABLE = YES;
				IPHONEOS_DEPLOYMENT_TARGET = 8.0;
				MTL_ENABLE_DEBUG_INFO = YES;
				ONLY_ACTIVE_ARCH = YES;
				SDKROOT = iphoneos;
				SWIFT_OPTIMIZATION_LEVEL = "-Onone";
				TARGETED_DEVICE_FAMILY = "1,2";
			};
			name = Debug;
		};
		182DEAB719B92889008C3D5F /* Release */ = {
			isa = XCBuildConfiguration;
			buildSettings = {
				ALWAYS_SEARCH_USER_PATHS = NO;
				CLANG_CXX_LANGUAGE_STANDARD = "gnu++0x";
				CLANG_CXX_LIBRARY = "libc++";
				CLANG_ENABLE_MODULES = YES;
				CLANG_ENABLE_OBJC_ARC = YES;
				CLANG_WARN_BOOL_CONVERSION = YES;
				CLANG_WARN_CONSTANT_CONVERSION = YES;
				CLANG_WARN_DIRECT_OBJC_ISA_USAGE = YES_ERROR;
				CLANG_WARN_EMPTY_BODY = YES;
				CLANG_WARN_ENUM_CONVERSION = YES;
				CLANG_WARN_INT_CONVERSION = YES;
				CLANG_WARN_OBJC_ROOT_CLASS = YES_ERROR;
				CLANG_WARN_UNREACHABLE_CODE = YES;
				CLANG_WARN__DUPLICATE_METHOD_MATCH = YES;
				"CODE_SIGN_IDENTITY[sdk=iphoneos*]" = "iPhone Developer";
				COPY_PHASE_STRIP = YES;
				ENABLE_NS_ASSERTIONS = NO;
				ENABLE_STRICT_OBJC_MSGSEND = YES;
				GCC_C_LANGUAGE_STANDARD = gnu99;
				GCC_WARN_64_TO_32_BIT_CONVERSION = YES;
				GCC_WARN_ABOUT_RETURN_TYPE = YES_ERROR;
				GCC_WARN_UNDECLARED_SELECTOR = YES;
				GCC_WARN_UNINITIALIZED_AUTOS = YES_AGGRESSIVE;
				GCC_WARN_UNUSED_FUNCTION = YES;
				GCC_WARN_UNUSED_VARIABLE = YES;
				IPHONEOS_DEPLOYMENT_TARGET = 8.0;
				MTL_ENABLE_DEBUG_INFO = NO;
				SDKROOT = iphoneos;
				TARGETED_DEVICE_FAMILY = "1,2";
				VALIDATE_PRODUCT = YES;
			};
			name = Release;
		};
		182DEAB919B92889008C3D5F /* Debug */ = {
			isa = XCBuildConfiguration;
			buildSettings = {
				ASSETCATALOG_COMPILER_APPICON_NAME = AppIcon;
				ASSETCATALOG_COMPILER_LAUNCHIMAGE_NAME = LaunchImage;
				INFOPLIST_FILE = "facebook-week1/Info.plist";
				LD_RUNPATH_SEARCH_PATHS = "$(inherited) @executable_path/Frameworks";
				PRODUCT_NAME = "$(TARGET_NAME)";
			};
			name = Debug;
		};
		182DEABA19B92889008C3D5F /* Release */ = {
			isa = XCBuildConfiguration;
			buildSettings = {
				ASSETCATALOG_COMPILER_APPICON_NAME = AppIcon;
				ASSETCATALOG_COMPILER_LAUNCHIMAGE_NAME = LaunchImage;
				INFOPLIST_FILE = "facebook-week1/Info.plist";
				LD_RUNPATH_SEARCH_PATHS = "$(inherited) @executable_path/Frameworks";
				PRODUCT_NAME = "$(TARGET_NAME)";
			};
			name = Release;
		};
		182DEABC19B92889008C3D5F /* Debug */ = {
			isa = XCBuildConfiguration;
			buildSettings = {
				BUNDLE_LOADER = "$(TEST_HOST)";
				FRAMEWORK_SEARCH_PATHS = (
					"$(SDKROOT)/Developer/Library/Frameworks",
					"$(inherited)",
				);
				GCC_PREPROCESSOR_DEFINITIONS = (
					"DEBUG=1",
					"$(inherited)",
				);
				INFOPLIST_FILE = "facebook-week1Tests/Info.plist";
				LD_RUNPATH_SEARCH_PATHS = "$(inherited) @executable_path/Frameworks @loader_path/Frameworks";
				PRODUCT_NAME = "$(TARGET_NAME)";
				TEST_HOST = "$(BUILT_PRODUCTS_DIR)/facebook-week1.app/facebook-week1";
			};
			name = Debug;
		};
		182DEABD19B92889008C3D5F /* Release */ = {
			isa = XCBuildConfiguration;
			buildSettings = {
				BUNDLE_LOADER = "$(TEST_HOST)";
				FRAMEWORK_SEARCH_PATHS = (
					"$(SDKROOT)/Developer/Library/Frameworks",
					"$(inherited)",
				);
				INFOPLIST_FILE = "facebook-week1Tests/Info.plist";
				LD_RUNPATH_SEARCH_PATHS = "$(inherited) @executable_path/Frameworks @loader_path/Frameworks";
				PRODUCT_NAME = "$(TARGET_NAME)";
				TEST_HOST = "$(BUILT_PRODUCTS_DIR)/facebook-week1.app/facebook-week1";
			};
			name = Release;
		};
/* End XCBuildConfiguration section */

/* Begin XCConfigurationList section */
		182DEA9719B92889008C3D5F /* Build configuration list for PBXProject "facebook-week1" */ = {
			isa = XCConfigurationList;
			buildConfigurations = (
				182DEAB619B92889008C3D5F /* Debug */,
				182DEAB719B92889008C3D5F /* Release */,
			);
			defaultConfigurationIsVisible = 0;
			defaultConfigurationName = Release;
		};
		182DEAB819B92889008C3D5F /* Build configuration list for PBXNativeTarget "facebook-week1" */ = {
			isa = XCConfigurationList;
			buildConfigurations = (
				182DEAB919B92889008C3D5F /* Debug */,
				182DEABA19B92889008C3D5F /* Release */,
			);
			defaultConfigurationIsVisible = 0;
		};
		182DEABB19B92889008C3D5F /* Build configuration list for PBXNativeTarget "facebook-week1Tests" */ = {
			isa = XCConfigurationList;
			buildConfigurations = (
				182DEABC19B92889008C3D5F /* Debug */,
				182DEABD19B92889008C3D5F /* Release */,
			);
			defaultConfigurationIsVisible = 0;
		};
/* End XCConfigurationList section */
	};
	rootObject = 182DEA9419B92889008C3D5F /* Project object */;
}
